
Microsoft Visual Studio Solution File, Format Version 12.00
# Visual Studio Version 17
VisualStudioVersion = 17.0.31903.59
MinimumVisualStudioVersion = 10.0.40219.1
Project("{9A19103F-16F7-4668-BE54-9A1E7A4F7556}") = "StatesTestWeb", "StatesTestWeb.csproj", "{6EB90A30-9677-437D-BFDA-34B7280F3625}"
EndProject
Project("{9A19103F-16F7-4668-BE54-9A1E7A4F7556}") = "StatesTest.Data", "..\StatesTest.Data\StatesTest.Data.csproj", "{AC6AF804-AE78-460A-99D1-3E1A912FFBE6}"
EndProject
Global
	GlobalSection(SolutionConfigurationPlatforms) = preSolution
		Debug|Any CPU = Debug|Any CPU
		Release|Any CPU = Release|Any CPU
	EndGlobalSection
	GlobalSection(ProjectConfigurationPlatforms) = postSolution
		{6EB90A30-9677-437D-BFDA-34B7280F3625}.Debug|Any CPU.ActiveCfg = Debug|Any CPU
		{6EB90A30-9677-437D-BFDA-34B7280F3625}.Debug|Any CPU.Build.0 = Debug|Any CPU
		{6EB90A30-9677-437D-BFDA-34B7280F3625}.Release|Any CPU.ActiveCfg = Release|Any CPU
		{6EB90A30-9677-437D-BFDA-34B7280F3625}.Release|Any CPU.Build.0 = Release|Any CPU
		{AC6AF804-AE78-460A-99D1-3E1A912FFBE6}.Debug|Any CPU.ActiveCfg = Debug|Any CPU
		{AC6AF804-AE78-460A-99D1-3E1A912FFBE6}.Debug|Any CPU.Build.0 = Debug|Any CPU
		{AC6AF804-AE78-460A-99D1-3E1A912FFBE6}.Release|Any CPU.ActiveCfg = Release|Any CPU
		{AC6AF804-AE78-460A-99D1-3E1A912FFBE6}.Release|Any CPU.Build.0 = Release|Any CPU
	EndGlobalSection
	GlobalSection(SolutionProperties) = preSolution
		HideSolutionNode = FALSE
	EndGlobalSection
	GlobalSection(ExtensibilityGlobals) = postSolution
		SolutionGuid = {2AD122D6-0356-46F8-A4AD-325C5BB9D220}
	EndGlobalSection
EndGlobal
